Microsoft Visual Studio Solution File, Format Version 11.00
# Visual Studio 2008

Project("{EC09C5CE-A662-60E4-EAC3-10C4B853BC97}") = "LD38", "Assembly-CSharp.csproj", "{011D55CB-9289-74C4-F1D6-86E38DD065EA}"
EndProject
Global
	GlobalSection(SolutionConfigurationPlatforms) = preSolution
		Debug|Any CPU = Debug|Any CPU
		Release|Any CPU = Release|Any CPU
	EndGlobalSection
	GlobalSection(ProjectConfigurationPlatforms) = postSolution
		{011D55CB-9289-74C4-F1D6-86E38DD065EA}.Debug|Any CPU.ActiveCfg = Debug|Any CPU
		{011D55CB-9289-74C4-F1D6-86E38DD065EA}.Debug|Any CPU.Build.0 = Debug|Any CPU
		{011D55CB-9289-74C4-F1D6-86E38DD065EA}.Release|Any CPU.ActiveCfg = Release|Any CPU
		{011D55CB-9289-74C4-F1D6-86E38DD065EA}.Release|Any CPU.Build.0 = Release|Any CPU
	EndGlobalSection
	GlobalSection(SolutionProperties) = preSolution
		HideSolutionNode = FALSE
	EndGlobalSection
	GlobalSection(MonoDevelopProperties) = preSolution
		StartupItem = Assembly-CSharp.csproj
	EndGlobalSection
EndGlobal
